{
  "version": 2,
  "dependencies": {
    "net9.0": {
      "markdownproj": {
        "type": "Project",
        "dependencies": {
          "MarkDig": "[0.38.0, )"
        }
      },
      "Markdig": {
        "type": "CentralTransitive",
        "requested": "[0.38.0, )",
        "resolved": "0.38.0",
        "contentHash": "zKy3JFjQvr1wbuMtbfcZVjNNCIqHxSCjGMq/CBcyNsY/MPsxqcS3o8M7CZ2kcMGGIw5LI2ZZd8rFUaFeV6SvrQ=="
      }
    }
  }
}